<?xml version="1.0" encoding="utf-8"?>
<Project ToolsVersion="17.0" xmlns="http://schemas.microsoft.com/developer/msbuild/2003">
  <ItemGroup>
    <ClCompile Include="C:\Users\albent\Desktop\dfu\lib_xua\lib_xua\host\xmosdfu\src\xmosdfu.cpp">
      <Filter>Source Files</Filter>
    </ClCompile>
  </ItemGroup>
  <ItemGroup>
    <CustomBuild Include="C:\Users\albent\Desktop\dfu\lib_xua\lib_xua\host\xmosdfu\CMakeLists.txt" />
  </ItemGroup>
  <ItemGroup>
    <Filter Include="Source Files">
      <UniqueIdentifier>{1DD04794-00D0-3B2C-B2C3-B3E736487EBD}</UniqueIdentifier>
    </Filter>
  </ItemGroup>
</Project>
